
Microsoft Visual Studio Solution File, Format Version 12.00
# Visual Studio 2012
Project("{FAE04EC0-301F-11D3-BF4B-00C04F79EFBC}") = "ManneDoForms", "ManneDoForms\ManneDoForms.csproj", "{2B956DDF-5CF8-4797-A832-F7CA28B409C8}"
EndProject
Project("{FAE04EC0-301F-11D3-BF4B-00C04F79EFBC}") = "ManneDoForms.iOS", "iOS\ManneDoForms.iOS.csproj", "{A7769EFA-4901-4A5E-8D9F-B9DEEC207D7C}"
EndProject
Project("{FAE04EC0-301F-11D3-BF4B-00C04F79EFBC}") = "ManneDoForms.Droid", "Droid\ManneDoForms.Droid.csproj", "{4C854B93-AC3B-4466-A94C-4A88908C7588}"
EndProject
Global
	GlobalSection(SolutionConfigurationPlatforms) = preSolution
		Debug|Any CPU = Debug|Any CPU
		Release|Any CPU = Release|Any CPU
		Debug|iPhoneSimulator = Debug|iPhoneSimulator
		Release|iPhone = Release|iPhone
		Release|iPhoneSimulator = Release|iPhoneSimulator
		Debug|iPhone = Debug|iPhone
	EndGlobalSection
	GlobalSection(ProjectConfigurationPlatforms) = postSolution
		{2B956DDF-5CF8-4797-A832-F7CA28B409C8}.Debug|Any CPU.ActiveCfg = Debug|Any CPU
		{2B956DDF-5CF8-4797-A832-F7CA28B409C8}.Debug|Any CPU.Build.0 = Debug|Any CPU
		{2B956DDF-5CF8-4797-A832-F7CA28B409C8}.Debug|iPhone.ActiveCfg = Debug|Any CPU
		{2B956DDF-5CF8-4797-A832-F7CA28B409C8}.Debug|iPhone.Build.0 = Debug|Any CPU
		{2B956DDF-5CF8-4797-A832-F7CA28B409C8}.Debug|iPhoneSimulator.ActiveCfg = Debug|Any CPU
		{2B956DDF-5CF8-4797-A832-F7CA28B409C8}.Debug|iPhoneSimulator.Build.0 = Debug|Any CPU
		{2B956DDF-5CF8-4797-A832-F7CA28B409C8}.Release|Any CPU.ActiveCfg = Release|Any CPU
		{2B956DDF-5CF8-4797-A832-F7CA28B409C8}.Release|Any CPU.Build.0 = Release|Any CPU
		{2B956DDF-5CF8-4797-A832-F7CA28B409C8}.Release|iPhone.ActiveCfg = Release|Any CPU
		{2B956DDF-5CF8-4797-A832-F7CA28B409C8}.Release|iPhone.Build.0 = Release|Any CPU
		{2B956DDF-5CF8-4797-A832-F7CA28B409C8}.Release|iPhoneSimulator.ActiveCfg = Release|Any CPU
		{2B956DDF-5CF8-4797-A832-F7CA28B409C8}.Release|iPhoneSimulator.Build.0 = Release|Any CPU
		{4C854B93-AC3B-4466-A94C-4A88908C7588}.Debug|Any CPU.ActiveCfg = Debug|Any CPU
		{4C854B93-AC3B-4466-A94C-4A88908C7588}.Debug|Any CPU.Build.0 = Debug|Any CPU
		{4C854B93-AC3B-4466-A94C-4A88908C7588}.Debug|iPhone.ActiveCfg = Debug|Any CPU
		{4C854B93-AC3B-4466-A94C-4A88908C7588}.Debug|iPhone.Build.0 = Debug|Any CPU
		{4C854B93-AC3B-4466-A94C-4A88908C7588}.Debug|iPhoneSimulator.ActiveCfg = Debug|Any CPU
		{4C854B93-AC3B-4466-A94C-4A88908C7588}.Debug|iPhoneSimulator.Build.0 = Debug|Any CPU
		{4C854B93-AC3B-4466-A94C-4A88908C7588}.Release|Any CPU.ActiveCfg = Release|Any CPU
		{4C854B93-AC3B-4466-A94C-4A88908C7588}.Release|Any CPU.Build.0 = Release|Any CPU
		{4C854B93-AC3B-4466-A94C-4A88908C7588}.Release|iPhone.ActiveCfg = Release|Any CPU
		{4C854B93-AC3B-4466-A94C-4A88908C7588}.Release|iPhone.Build.0 = Release|Any CPU
		{4C854B93-AC3B-4466-A94C-4A88908C7588}.Release|iPhoneSimulator.ActiveCfg = Release|Any CPU
		{4C854B93-AC3B-4466-A94C-4A88908C7588}.Release|iPhoneSimulator.Build.0 = Release|Any CPU
		{A7769EFA-4901-4A5E-8D9F-B9DEEC207D7C}.Debug|Any CPU.ActiveCfg = Debug|iPhoneSimulator
		{A7769EFA-4901-4A5E-8D9F-B9DEEC207D7C}.Debug|Any CPU.Build.0 = Debug|iPhoneSimulator
		{A7769EFA-4901-4A5E-8D9F-B9DEEC207D7C}.Debug|iPhone.ActiveCfg = Debug|iPhone
		{A7769EFA-4901-4A5E-8D9F-B9DEEC207D7C}.Debug|iPhone.Build.0 = Debug|iPhone
		{A7769EFA-4901-4A5E-8D9F-B9DEEC207D7C}.Debug|iPhoneSimulator.ActiveCfg = Debug|iPhoneSimulator
		{A7769EFA-4901-4A5E-8D9F-B9DEEC207D7C}.Debug|iPhoneSimulator.Build.0 = Debug|iPhoneSimulator
		{A7769EFA-4901-4A5E-8D9F-B9DEEC207D7C}.Release|Any CPU.ActiveCfg = Release|iPhone
		{A7769EFA-4901-4A5E-8D9F-B9DEEC207D7C}.Release|Any CPU.Build.0 = Release|iPhone
		{A7769EFA-4901-4A5E-8D9F-B9DEEC207D7C}.Release|iPhone.ActiveCfg = Release|iPhone
		{A7769EFA-4901-4A5E-8D9F-B9DEEC207D7C}.Release|iPhone.Build.0 = Release|iPhone
		{A7769EFA-4901-4A5E-8D9F-B9DEEC207D7C}.Release|iPhoneSimulator.ActiveCfg = Release|iPhoneSimulator
		{A7769EFA-4901-4A5E-8D9F-B9DEEC207D7C}.Release|iPhoneSimulator.Build.0 = Release|iPhoneSimulator
	EndGlobalSection
EndGlobal
